
Microsoft Visual Studio Solution File, Format Version 12.00
# Visual Studio Version 17
VisualStudioVersion = 17.1.32328.378
MinimumVisualStudioVersion = 10.0.40219.1
Project("{9A19103F-16F7-4668-BE54-9A1E7A4F7556}") = "Calculatrice", "Calculatrice\Calculatrice.csproj", "{0CE8C60B-9D0D-41A5-B39C-BA5FD20BF4E4}"
EndProject
Project("{FAE04EC0-301F-11D3-BF4B-00C04F79EFBC}") = "Calculatrice.Operations", "Calculatrice.Operations\Calculatrice.Operations.csproj", "{BC1A90AE-9664-4359-94D8-AD59794F5EA7}"
EndProject
Global
	GlobalSection(SolutionConfigurationPlatforms) = preSolution
		Debug|Any CPU = Debug|Any CPU
		Release|Any CPU = Release|Any CPU
	EndGlobalSection
	GlobalSection(ProjectConfigurationPlatforms) = postSolution
		{0CE8C60B-9D0D-41A5-B39C-BA5FD20BF4E4}.Debug|Any CPU.ActiveCfg = Debug|Any CPU
		{0CE8C60B-9D0D-41A5-B39C-BA5FD20BF4E4}.Debug|Any CPU.Build.0 = Debug|Any CPU
		{0CE8C60B-9D0D-41A5-B39C-BA5FD20BF4E4}.Release|Any CPU.ActiveCfg = Release|Any CPU
		{0CE8C60B-9D0D-41A5-B39C-BA5FD20BF4E4}.Release|Any CPU.Build.0 = Release|Any CPU
		{BC1A90AE-9664-4359-94D8-AD59794F5EA7}.Debug|Any CPU.ActiveCfg = Debug|Any CPU
		{BC1A90AE-9664-4359-94D8-AD59794F5EA7}.Debug|Any CPU.Build.0 = Debug|Any CPU
		{BC1A90AE-9664-4359-94D8-AD59794F5EA7}.Release|Any CPU.ActiveCfg = Release|Any CPU
		{BC1A90AE-9664-4359-94D8-AD59794F5EA7}.Release|Any CPU.Build.0 = Release|Any CPU
	EndGlobalSection
	GlobalSection(SolutionProperties) = preSolution
		HideSolutionNode = FALSE
	EndGlobalSection
	GlobalSection(ExtensibilityGlobals) = postSolution
		SolutionGuid = {B75BF878-2E05-4A5F-860B-92295E86A693}
	EndGlobalSection
EndGlobal
